
Microsoft Visual Studio Solution File, Format Version 12.00
Project("{FAE04EC0-301F-11D3-BF4B-00C04F79EFBC}") = "CuisinHELHa", "CuisinHELHa\CuisinHELHa.csproj", "{15FD416A-68D6-4BF4-84FA-651EAC614B4A}"
EndProject
Global
	GlobalSection(SolutionConfigurationPlatforms) = preSolution
		Debug|Any CPU = Debug|Any CPU
		Release|Any CPU = Release|Any CPU
	EndGlobalSection
	GlobalSection(ProjectConfigurationPlatforms) = postSolution
		{15FD416A-68D6-4BF4-84FA-651EAC614B4A}.Debug|Any CPU.ActiveCfg = Debug|Any CPU
		{15FD416A-68D6-4BF4-84FA-651EAC614B4A}.Debug|Any CPU.Build.0 = Debug|Any CPU
		{15FD416A-68D6-4BF4-84FA-651EAC614B4A}.Release|Any CPU.ActiveCfg = Release|Any CPU
		{15FD416A-68D6-4BF4-84FA-651EAC614B4A}.Release|Any CPU.Build.0 = Release|Any CPU
	EndGlobalSection
EndGlobal
